
Microsoft Visual Studio Solution File, Format Version 12.00
# Visual Studio Version 16
VisualStudioVersion = 16.0.28803.452
MinimumVisualStudioVersion = 10.0.40219.1
Project("{FAE04EC0-301F-11D3-BF4B-00C04F79EFBC}") = "BookStore.API", "BookStore.API\BookStore.API.csproj", "{1089DD88-FB3E-4362-AC31-CD8EC885EEED}"
EndProject
Global
	GlobalSection(SolutionConfigurationPlatforms) = preSolution
		Debug|Any CPU = Debug|Any CPU
		Release|Any CPU = Release|Any CPU
	EndGlobalSection
	GlobalSection(ProjectConfigurationPlatforms) = postSolution
		{1089DD88-FB3E-4362-AC31-CD8EC885EEED}.Debug|Any CPU.ActiveCfg = Debug|Any CPU
		{1089DD88-FB3E-4362-AC31-CD8EC885EEED}.Debug|Any CPU.Build.0 = Debug|Any CPU
		{1089DD88-FB3E-4362-AC31-CD8EC885EEED}.Release|Any CPU.ActiveCfg = Release|Any CPU
		{1089DD88-FB3E-4362-AC31-CD8EC885EEED}.Release|Any CPU.Build.0 = Release|Any CPU
	EndGlobalSection
	GlobalSection(SolutionProperties) = preSolution
		HideSolutionNode = FALSE
	EndGlobalSection
	GlobalSection(ExtensibilityGlobals) = postSolution
		SolutionGuid = {0F6D4273-668B-44E2-BE3E-2F51E421CBF4}
	EndGlobalSection
EndGlobal
